
Microsoft Visual Studio Solution File, Format Version 12.00
# Visual Studio Version 16
VisualStudioVersion = 16.0.30002.166
MinimumVisualStudioVersion = 10.0.40219.1
Project("{FAE04EC0-301F-11D3-BF4B-00C04F79EFBC}") = "exploring-regionsandcities-wf", "exploring-regionsandcities-wf\exploring-regionsandcities-wf.csproj", "{D0C75640-6C82-4974-B1AE-4D8EA6481B1A}"
EndProject
Global
	GlobalSection(SolutionConfigurationPlatforms) = preSolution
		Debug|Any CPU = Debug|Any CPU
		Release|Any CPU = Release|Any CPU
	EndGlobalSection
	GlobalSection(ProjectConfigurationPlatforms) = postSolution
		{D0C75640-6C82-4974-B1AE-4D8EA6481B1A}.Debug|Any CPU.ActiveCfg = Debug|Any CPU
		{D0C75640-6C82-4974-B1AE-4D8EA6481B1A}.Debug|Any CPU.Build.0 = Debug|Any CPU
		{D0C75640-6C82-4974-B1AE-4D8EA6481B1A}.Release|Any CPU.ActiveCfg = Release|Any CPU
		{D0C75640-6C82-4974-B1AE-4D8EA6481B1A}.Release|Any CPU.Build.0 = Release|Any CPU
	EndGlobalSection
	GlobalSection(SolutionProperties) = preSolution
		HideSolutionNode = FALSE
	EndGlobalSection
	GlobalSection(ExtensibilityGlobals) = postSolution
		SolutionGuid = {AA2A363A-6D4B-438B-8E32-07F0DC6BDF1B}
	EndGlobalSection
EndGlobal
